
Microsoft Visual Studio Solution File, Format Version 12.00
# Visual Studio Version 16
VisualStudioVersion = 16.0.31727.386
MinimumVisualStudioVersion = 10.0.40219.1
Project("{2150E333-8FDC-42A3-9474-1A3956D46DE8}") = "Services", "Services", "{440AF206-CB90-4BA0-B75C-F621A7608C94}"
EndProject
Project("{2150E333-8FDC-42A3-9474-1A3956D46DE8}") = "Catalog", "Catalog", "{2A6B2788-D2A5-408B-8E41-82B075303AA3}"
EndProject
Project("{2150E333-8FDC-42A3-9474-1A3956D46DE8}") = "Core", "Core", "{B1667258-03D1-4DB3-AD1D-858B35782375}"
EndProject
Project("{2150E333-8FDC-42A3-9474-1A3956D46DE8}") = "Infrastructure", "Infrastructure", "{F21E82E2-A36D-47DB-B7CB-05926302D30E}"
EndProject
Project("{2150E333-8FDC-42A3-9474-1A3956D46DE8}") = "Presentation", "Presentation", "{3D1D0D3D-23F4-4FA2-9A1E-4D059C1DAD1B}"
EndProject
Project("{9A19103F-16F7-4668-BE54-9A1E7A4F7556}") = "Application", "Services\Catalog\Application\Application.csproj", "{9EBD4685-94E0-48FA-90DB-B71FEC8EACE0}"
EndProject
Project("{9A19103F-16F7-4668-BE54-9A1E7A4F7556}") = "Domain", "Services\Catalog\Domain\Domain.csproj", "{5A0B861F-6531-43A8-9EEE-416C594C2FFD}"
EndProject
Project("{9A19103F-16F7-4668-BE54-9A1E7A4F7556}") = "Persistence", "Services\Catalog\Persistence\Persistence.csproj", "{1607DEF2-ED61-4DC4-A3F6-EBAE2D104658}"
EndProject
Project("{9A19103F-16F7-4668-BE54-9A1E7A4F7556}") = "Services", "Services\Catalog\Services\Services.csproj", "{67C6CD7A-D903-4577-8F7E-6BBB3D6BEC21}"
EndProject
Project("{9A19103F-16F7-4668-BE54-9A1E7A4F7556}") = "Catalog.API", "Services\Catalog\Catalog.API\Catalog.API.csproj", "{06123B17-7293-42F3-BF06-F3634AEB0594}"
EndProject
Project("{2150E333-8FDC-42A3-9474-1A3956D46DE8}") = "ServicesShared.Core", "ServicesShared.Core", "{4624E863-3328-4A36-977D-416EADA2F531}"
EndProject
Project("{9A19103F-16F7-4668-BE54-9A1E7A4F7556}") = "ServicesShared.Core", "Services\ServicesShared.Core\ServicesShared.Core\ServicesShared.Core.csproj", "{E1D009E7-ED56-40E5-9B5D-C1DBBD51CB8C}"
EndProject
Project("{E53339B2-1760-4266-BCC7-CA923CBCF16C}") = "docker-compose", "docker-compose.dcproj", "{0C81708B-A29C-4B60-819F-65280E5A1733}"
EndProject
Project("{2150E333-8FDC-42A3-9474-1A3956D46DE8}") = "Basket", "Basket", "{2DB0B541-7CCE-4B04-B2DE-4234319C3C2B}"
EndProject
Project("{2150E333-8FDC-42A3-9474-1A3956D46DE8}") = "API", "API", "{DD0328F3-3B17-47DC-B985-6E0E48C3E289}"
EndProject
Project("{2150E333-8FDC-42A3-9474-1A3956D46DE8}") = "Core", "Core", "{F7F2D21F-5F70-4DB9-B87D-C9E5470CC8C6}"
EndProject
Project("{2150E333-8FDC-42A3-9474-1A3956D46DE8}") = "Data", "Data", "{254C992E-22A1-4CBB-8B4D-07B6512BB4FC}"
EndProject
Project("{2150E333-8FDC-42A3-9474-1A3956D46DE8}") = "Services", "Services", "{390E2016-C49C-432E-9F63-BEBC088BC321}"
EndProject
Project("{FAE04EC0-301F-11D3-BF4B-00C04F79EFBC}") = "Basket.API", "Services\Basket\API\Basket.API\Basket.API.csproj", "{8784415E-055A-4CC4-B262-70E39E674139}"
EndProject
Project("{FAE04EC0-301F-11D3-BF4B-00C04F79EFBC}") = "Core", "Services\Basket\Core\Core\Core.csproj", "{8907C4B9-8642-4CBD-8AFA-C73BA04DE021}"
EndProject
Project("{FAE04EC0-301F-11D3-BF4B-00C04F79EFBC}") = "Data", "Services\Basket\Data\Data\Data.csproj", "{709DFFB9-B337-47BE-A15B-7460ED24D748}"
EndProject
Project("{FAE04EC0-301F-11D3-BF4B-00C04F79EFBC}") = "Services", "Services\Basket\Services\Services\Services.csproj", "{B0280D92-AF5D-49AE-BC31-E1C34CB508BA}"
EndProject
Global
	GlobalSection(SolutionConfigurationPlatforms) = preSolution
		Debug|Any CPU = Debug|Any CPU
		Release|Any CPU = Release|Any CPU
	EndGlobalSection
	GlobalSection(ProjectConfigurationPlatforms) = postSolution
		{9EBD4685-94E0-48FA-90DB-B71FEC8EACE0}.Debug|Any CPU.ActiveCfg = Debug|Any CPU
		{9EBD4685-94E0-48FA-90DB-B71FEC8EACE0}.Debug|Any CPU.Build.0 = Debug|Any CPU
		{9EBD4685-94E0-48FA-90DB-B71FEC8EACE0}.Release|Any CPU.ActiveCfg = Release|Any CPU
		{9EBD4685-94E0-48FA-90DB-B71FEC8EACE0}.Release|Any CPU.Build.0 = Release|Any CPU
		{5A0B861F-6531-43A8-9EEE-416C594C2FFD}.Debug|Any CPU.ActiveCfg = Debug|Any CPU
		{5A0B861F-6531-43A8-9EEE-416C594C2FFD}.Debug|Any CPU.Build.0 = Debug|Any CPU
		{5A0B861F-6531-43A8-9EEE-416C594C2FFD}.Release|Any CPU.ActiveCfg = Release|Any CPU
		{5A0B861F-6531-43A8-9EEE-416C594C2FFD}.Release|Any CPU.Build.0 = Release|Any CPU
		{1607DEF2-ED61-4DC4-A3F6-EBAE2D104658}.Debug|Any CPU.ActiveCfg = Debug|Any CPU
		{1607DEF2-ED61-4DC4-A3F6-EBAE2D104658}.Debug|Any CPU.Build.0 = Debug|Any CPU
		{1607DEF2-ED61-4DC4-A3F6-EBAE2D104658}.Release|Any CPU.ActiveCfg = Release|Any CPU
		{1607DEF2-ED61-4DC4-A3F6-EBAE2D104658}.Release|Any CPU.Build.0 = Release|Any CPU
		{67C6CD7A-D903-4577-8F7E-6BBB3D6BEC21}.Debug|Any CPU.ActiveCfg = Debug|Any CPU
		{67C6CD7A-D903-4577-8F7E-6BBB3D6BEC21}.Debug|Any CPU.Build.0 = Debug|Any CPU
		{67C6CD7A-D903-4577-8F7E-6BBB3D6BEC21}.Release|Any CPU.ActiveCfg = Release|Any CPU
		{67C6CD7A-D903-4577-8F7E-6BBB3D6BEC21}.Release|Any CPU.Build.0 = Release|Any CPU
		{06123B17-7293-42F3-BF06-F3634AEB0594}.Debug|Any CPU.ActiveCfg = Debug|Any CPU
		{06123B17-7293-42F3-BF06-F3634AEB0594}.Debug|Any CPU.Build.0 = Debug|Any CPU
		{06123B17-7293-42F3-BF06-F3634AEB0594}.Release|Any CPU.ActiveCfg = Release|Any CPU
		{06123B17-7293-42F3-BF06-F3634AEB0594}.Release|Any CPU.Build.0 = Release|Any CPU
		{E1D009E7-ED56-40E5-9B5D-C1DBBD51CB8C}.Debug|Any CPU.ActiveCfg = Debug|Any CPU
		{E1D009E7-ED56-40E5-9B5D-C1DBBD51CB8C}.Debug|Any CPU.Build.0 = Debug|Any CPU
		{E1D009E7-ED56-40E5-9B5D-C1DBBD51CB8C}.Release|Any CPU.ActiveCfg = Release|Any CPU
		{E1D009E7-ED56-40E5-9B5D-C1DBBD51CB8C}.Release|Any CPU.Build.0 = Release|Any CPU
		{0C81708B-A29C-4B60-819F-65280E5A1733}.Debug|Any CPU.ActiveCfg = Debug|Any CPU
		{0C81708B-A29C-4B60-819F-65280E5A1733}.Debug|Any CPU.Build.0 = Debug|Any CPU
		{0C81708B-A29C-4B60-819F-65280E5A1733}.Release|Any CPU.ActiveCfg = Release|Any CPU
		{0C81708B-A29C-4B60-819F-65280E5A1733}.Release|Any CPU.Build.0 = Release|Any CPU
		{8784415E-055A-4CC4-B262-70E39E674139}.Debug|Any CPU.ActiveCfg = Debug|Any CPU
		{8784415E-055A-4CC4-B262-70E39E674139}.Debug|Any CPU.Build.0 = Debug|Any CPU
		{8784415E-055A-4CC4-B262-70E39E674139}.Release|Any CPU.ActiveCfg = Release|Any CPU
		{8784415E-055A-4CC4-B262-70E39E674139}.Release|Any CPU.Build.0 = Release|Any CPU
		{8907C4B9-8642-4CBD-8AFA-C73BA04DE021}.Debug|Any CPU.ActiveCfg = Debug|Any CPU
		{8907C4B9-8642-4CBD-8AFA-C73BA04DE021}.Debug|Any CPU.Build.0 = Debug|Any CPU
		{8907C4B9-8642-4CBD-8AFA-C73BA04DE021}.Release|Any CPU.ActiveCfg = Release|Any CPU
		{8907C4B9-8642-4CBD-8AFA-C73BA04DE021}.Release|Any CPU.Build.0 = Release|Any CPU
		{709DFFB9-B337-47BE-A15B-7460ED24D748}.Debug|Any CPU.ActiveCfg = Debug|Any CPU
		{709DFFB9-B337-47BE-A15B-7460ED24D748}.Debug|Any CPU.Build.0 = Debug|Any CPU
		{709DFFB9-B337-47BE-A15B-7460ED24D748}.Release|Any CPU.ActiveCfg = Release|Any CPU
		{709DFFB9-B337-47BE-A15B-7460ED24D748}.Release|Any CPU.Build.0 = Release|Any CPU
		{B0280D92-AF5D-49AE-BC31-E1C34CB508BA}.Debug|Any CPU.ActiveCfg = Debug|Any CPU
		{B0280D92-AF5D-49AE-BC31-E1C34CB508BA}.Debug|Any CPU.Build.0 = Debug|Any CPU
		{B0280D92-AF5D-49AE-BC31-E1C34CB508BA}.Release|Any CPU.ActiveCfg = Release|Any CPU
		{B0280D92-AF5D-49AE-BC31-E1C34CB508BA}.Release|Any CPU.Build.0 = Release|Any CPU
	EndGlobalSection
	GlobalSection(SolutionProperties) = preSolution
		HideSolutionNode = FALSE
	EndGlobalSection
	GlobalSection(NestedProjects) = preSolution
		{2A6B2788-D2A5-408B-8E41-82B075303AA3} = {440AF206-CB90-4BA0-B75C-F621A7608C94}
		{B1667258-03D1-4DB3-AD1D-858B35782375} = {2A6B2788-D2A5-408B-8E41-82B075303AA3}
		{F21E82E2-A36D-47DB-B7CB-05926302D30E} = {2A6B2788-D2A5-408B-8E41-82B075303AA3}
		{3D1D0D3D-23F4-4FA2-9A1E-4D059C1DAD1B} = {2A6B2788-D2A5-408B-8E41-82B075303AA3}
		{9EBD4685-94E0-48FA-90DB-B71FEC8EACE0} = {B1667258-03D1-4DB3-AD1D-858B35782375}
		{5A0B861F-6531-43A8-9EEE-416C594C2FFD} = {B1667258-03D1-4DB3-AD1D-858B35782375}
		{1607DEF2-ED61-4DC4-A3F6-EBAE2D104658} = {F21E82E2-A36D-47DB-B7CB-05926302D30E}
		{67C6CD7A-D903-4577-8F7E-6BBB3D6BEC21} = {F21E82E2-A36D-47DB-B7CB-05926302D30E}
		{06123B17-7293-42F3-BF06-F3634AEB0594} = {3D1D0D3D-23F4-4FA2-9A1E-4D059C1DAD1B}
		{4624E863-3328-4A36-977D-416EADA2F531} = {440AF206-CB90-4BA0-B75C-F621A7608C94}
		{E1D009E7-ED56-40E5-9B5D-C1DBBD51CB8C} = {4624E863-3328-4A36-977D-416EADA2F531}
		{2DB0B541-7CCE-4B04-B2DE-4234319C3C2B} = {440AF206-CB90-4BA0-B75C-F621A7608C94}
		{DD0328F3-3B17-47DC-B985-6E0E48C3E289} = {2DB0B541-7CCE-4B04-B2DE-4234319C3C2B}
		{F7F2D21F-5F70-4DB9-B87D-C9E5470CC8C6} = {2DB0B541-7CCE-4B04-B2DE-4234319C3C2B}
		{254C992E-22A1-4CBB-8B4D-07B6512BB4FC} = {2DB0B541-7CCE-4B04-B2DE-4234319C3C2B}
		{390E2016-C49C-432E-9F63-BEBC088BC321} = {2DB0B541-7CCE-4B04-B2DE-4234319C3C2B}
		{8784415E-055A-4CC4-B262-70E39E674139} = {DD0328F3-3B17-47DC-B985-6E0E48C3E289}
		{8907C4B9-8642-4CBD-8AFA-C73BA04DE021} = {F7F2D21F-5F70-4DB9-B87D-C9E5470CC8C6}
		{709DFFB9-B337-47BE-A15B-7460ED24D748} = {254C992E-22A1-4CBB-8B4D-07B6512BB4FC}
		{B0280D92-AF5D-49AE-BC31-E1C34CB508BA} = {390E2016-C49C-432E-9F63-BEBC088BC321}
	EndGlobalSection
	GlobalSection(ExtensibilityGlobals) = postSolution
		SolutionGuid = {D9DF8001-1C36-456B-BBDF-E54508D788E2}
	EndGlobalSection
EndGlobal
